
Microsoft Visual Studio Solution File, Format Version 12.00
# Visual Studio Version 17
VisualStudioVersion = 17.3.32819.101
MinimumVisualStudioVersion = 10.0.40219.1
Project("{FAE04EC0-301F-11D3-BF4B-00C04F79EFBC}") = "WebScraper", "WebScraper\WebScraper.csproj", "{FDEF3901-5A9E-4A16-9101-44D3E8A0A995}"
	ProjectSection(ProjectDependencies) = postProject
		{179020BE-9D2B-445C-8009-A6FD61359DA6} = {179020BE-9D2B-445C-8009-A6FD61359DA6}
	EndProjectSection
EndProject
Project("{FAE04EC0-301F-11D3-BF4B-00C04F79EFBC}") = "JavLuv", "JavLuv\JavLuv.csproj", "{303B6B27-D397-43C8-8980-F40249CC5502}"
	ProjectSection(ProjectDependencies) = postProject
		{179020BE-9D2B-445C-8009-A6FD61359DA6} = {179020BE-9D2B-445C-8009-A6FD61359DA6}
		{E1ADB136-983E-46D1-A41A-6A79079726A8} = {E1ADB136-983E-46D1-A41A-6A79079726A8}
	EndProjectSection
EndProject
Project("{FAE04EC0-301F-11D3-BF4B-00C04F79EFBC}") = "MovieInfo", "MovieInfo\MovieInfo.csproj", "{8E190F7A-5F13-448D-8713-C5730177DA85}"
	ProjectSection(ProjectDependencies) = postProject
		{179020BE-9D2B-445C-8009-A6FD61359DA6} = {179020BE-9D2B-445C-8009-A6FD61359DA6}
	EndProjectSection
EndProject
Project("{FAE04EC0-301F-11D3-BF4B-00C04F79EFBC}") = "Common", "Common\Common.csproj", "{179020BE-9D2B-445C-8009-A6FD61359DA6}"
EndProject
Project("{FAE04EC0-301F-11D3-BF4B-00C04F79EFBC}") = "Subtitles", "Subtitles\Subtitles.csproj", "{E1ADB136-983E-46D1-A41A-6A79079726A8}"
	ProjectSection(ProjectDependencies) = postProject
		{179020BE-9D2B-445C-8009-A6FD61359DA6} = {179020BE-9D2B-445C-8009-A6FD61359DA6}
	EndProjectSection
EndProject
Project("{9A19103F-16F7-4668-BE54-9A1E7A4F7556}") = "Test", "Test\Test.csproj", "{5124C4EB-AA70-4452-BB12-D74BD23011CD}"
	ProjectSection(ProjectDependencies) = postProject
		{303B6B27-D397-43C8-8980-F40249CC5502} = {303B6B27-D397-43C8-8980-F40249CC5502}
		{8E190F7A-5F13-448D-8713-C5730177DA85} = {8E190F7A-5F13-448D-8713-C5730177DA85}
		{FDEF3901-5A9E-4A16-9101-44D3E8A0A995} = {FDEF3901-5A9E-4A16-9101-44D3E8A0A995}
	EndProjectSection
EndProject
Global
	GlobalSection(SolutionConfigurationPlatforms) = preSolution
		Debug|x64 = Debug|x64
		Release|x64 = Release|x64
	EndGlobalSection
	GlobalSection(ProjectConfigurationPlatforms) = postSolution
		{FDEF3901-5A9E-4A16-9101-44D3E8A0A995}.Debug|x64.ActiveCfg = Debug|x64
		{FDEF3901-5A9E-4A16-9101-44D3E8A0A995}.Debug|x64.Build.0 = Debug|x64
		{FDEF3901-5A9E-4A16-9101-44D3E8A0A995}.Release|x64.ActiveCfg = Release|x64
		{FDEF3901-5A9E-4A16-9101-44D3E8A0A995}.Release|x64.Build.0 = Release|x64
		{303B6B27-D397-43C8-8980-F40249CC5502}.Debug|x64.ActiveCfg = Debug|x64
		{303B6B27-D397-43C8-8980-F40249CC5502}.Debug|x64.Build.0 = Debug|x64
		{303B6B27-D397-43C8-8980-F40249CC5502}.Release|x64.ActiveCfg = Release|x64
		{303B6B27-D397-43C8-8980-F40249CC5502}.Release|x64.Build.0 = Release|x64
		{8E190F7A-5F13-448D-8713-C5730177DA85}.Debug|x64.ActiveCfg = Debug|x64
		{8E190F7A-5F13-448D-8713-C5730177DA85}.Debug|x64.Build.0 = Debug|x64
		{8E190F7A-5F13-448D-8713-C5730177DA85}.Release|x64.ActiveCfg = Release|x64
		{8E190F7A-5F13-448D-8713-C5730177DA85}.Release|x64.Build.0 = Release|x64
		{179020BE-9D2B-445C-8009-A6FD61359DA6}.Debug|x64.ActiveCfg = Debug|x64
		{179020BE-9D2B-445C-8009-A6FD61359DA6}.Debug|x64.Build.0 = Debug|x64
		{179020BE-9D2B-445C-8009-A6FD61359DA6}.Release|x64.ActiveCfg = Release|x64
		{179020BE-9D2B-445C-8009-A6FD61359DA6}.Release|x64.Build.0 = Release|x64
		{E1ADB136-983E-46D1-A41A-6A79079726A8}.Debug|x64.ActiveCfg = Debug|x64
		{E1ADB136-983E-46D1-A41A-6A79079726A8}.Debug|x64.Build.0 = Debug|x64
		{E1ADB136-983E-46D1-A41A-6A79079726A8}.Release|x64.ActiveCfg = Release|x64
		{E1ADB136-983E-46D1-A41A-6A79079726A8}.Release|x64.Build.0 = Release|x64
		{5124C4EB-AA70-4452-BB12-D74BD23011CD}.Debug|x64.ActiveCfg = Debug|x64
		{5124C4EB-AA70-4452-BB12-D74BD23011CD}.Debug|x64.Build.0 = Debug|x64
		{5124C4EB-AA70-4452-BB12-D74BD23011CD}.Release|x64.ActiveCfg = Release|x64
		{5124C4EB-AA70-4452-BB12-D74BD23011CD}.Release|x64.Build.0 = Release|x64
	EndGlobalSection
	GlobalSection(SolutionProperties) = preSolution
		HideSolutionNode = FALSE
	EndGlobalSection
	GlobalSection(ExtensibilityGlobals) = postSolution
		SolutionGuid = {C54959C9-3439-40C5-B1A1-614469ABE61A}
	EndGlobalSection
EndGlobal
